
Microsoft Visual Studio Solution File, Format Version 12.00
# Visual Studio Version 17
VisualStudioVersion = 17.9.34902.65
MinimumVisualStudioVersion = 10.0.40219.1
Project("{FAE04EC0-301F-11D3-BF4B-00C04F79EFBC}") = "Blasphemous.ScreamingSinners", "Blasphemous.ScreamingSinners\Blasphemous.ScreamingSinners.csproj", "{1D2B5BE2-D032-4E23-825F-7422C97A195D}"
EndProject
Global
	GlobalSection(SolutionConfigurationPlatforms) = preSolution
		Debug|Any CPU = Debug|Any CPU
		Release|Any CPU = Release|Any CPU
	EndGlobalSection
	GlobalSection(ProjectConfigurationPlatforms) = postSolution
		{1D2B5BE2-D032-4E23-825F-7422C97A195D}.Debug|Any CPU.ActiveCfg = Debug|Any CPU
		{1D2B5BE2-D032-4E23-825F-7422C97A195D}.Debug|Any CPU.Build.0 = Debug|Any CPU
		{1D2B5BE2-D032-4E23-825F-7422C97A195D}.Release|Any CPU.ActiveCfg = Release|Any CPU
		{1D2B5BE2-D032-4E23-825F-7422C97A195D}.Release|Any CPU.Build.0 = Release|Any CPU
	EndGlobalSection
	GlobalSection(SolutionProperties) = preSolution
		HideSolutionNode = FALSE
	EndGlobalSection
	GlobalSection(ExtensibilityGlobals) = postSolution
		SolutionGuid = {EC65A3EE-C2D9-4E98-80F0-B3D57782819F}
	EndGlobalSection
EndGlobal
